{
  "name": "SoccerBase",
  "version": "1.0.0",
  "lockfileVersion": 1,
  "requires": true,
  "dependencies": {
    "replpersist": {
      "version": "1.0.9",
      "resolved": "https://registry.npmjs.org/replpersist/-/replpersist-1.0.9.tgz",
      "integrity": "sha512-zv/egExiT3B2Psvhww2mdW1Up8uJ9bhBpVDZ8Qimyp8ubqdFZUcGvw3Ur8voe6Z8Z84jn9l/MiOsYdWGXAh5bQ=="
    }
  }
}
